
Microsoft Visual Studio Solution File, Format Version 12.00
# Visual Studio Version 17
VisualStudioVersion = 17.1.32210.238
MinimumVisualStudioVersion = 10.0.40219.1
Project("{9A19103F-16F7-4668-BE54-9A1E7A4F7556}") = "MedicalStatistician.API", "API\MedicalStatistician.API\MedicalStatistician.API.csproj", "{63BEB974-DE63-4C92-AEAF-F8473D1421BD}"
EndProject
Project("{9A19103F-16F7-4668-BE54-9A1E7A4F7556}") = "MedicalStatistician.DAL.Entities", "DAL\Entities\MedicalStatistician.DAL.Entities\MedicalStatistician.DAL.Entities.csproj", "{F8AB06A1-D404-4DED-94E3-8973FB3E0BA7}"
EndProject
Project("{9A19103F-16F7-4668-BE54-9A1E7A4F7556}") = "MedicalStatistician.DAL.Repositories", "DAL\Repositories\MedicalStatistician.DAL.Repositories\MedicalStatistician.DAL.Repositories.csproj", "{9D2D2FEA-05AC-4888-AA5F-43F5D6B04779}"
EndProject
Project("{9A19103F-16F7-4668-BE54-9A1E7A4F7556}") = "MedicalStatistician.DAL.Postrgres", "MedicalStatistician.DAL.Postrgres\MedicalStatistician.DAL.Postrgres.csproj", "{45ADB6E3-CA52-44DB-96FA-BB4194C50EA5}"
EndProject
Project("{9A19103F-16F7-4668-BE54-9A1E7A4F7556}") = "MedicalStatistician.WebApiClients", "MedicalStatistician.WebApiClients\MedicalStatistician.WebApiClients.csproj", "{783AABB6-22F5-479B-A459-2EDFD4253F75}"
EndProject
Project("{9A19103F-16F7-4668-BE54-9A1E7A4F7556}") = "MedicalStatistician.Reports", "Reports\MedicalStatistician.Reports\MedicalStatistician.Reports.csproj", "{49F70E86-2A22-4DC0-AC39-835772DEB05A}"
EndProject
Project("{9A19103F-16F7-4668-BE54-9A1E7A4F7556}") = "MedicalStatistician.Tests.Console", "Tests\MedicalStatistician.Tests.Console\MedicalStatistician.Tests.Console.csproj", "{98D1F78A-E352-48F1-93E3-CF6F569F7F4B}"
EndProject
Project("{9A19103F-16F7-4668-BE54-9A1E7A4F7556}") = "MedicalStatistician.UI.Blazor", "MedicalStatistician.UI.Blazor\MedicalStatistician.UI.Blazor.csproj", "{7F2B3759-C624-4587-B53A-D27E5FF0ACAE}"
EndProject
Global
	GlobalSection(SolutionConfigurationPlatforms) = preSolution
		Debug|Any CPU = Debug|Any CPU
		Release|Any CPU = Release|Any CPU
	EndGlobalSection
	GlobalSection(ProjectConfigurationPlatforms) = postSolution
		{63BEB974-DE63-4C92-AEAF-F8473D1421BD}.Debug|Any CPU.ActiveCfg = Debug|Any CPU
		{63BEB974-DE63-4C92-AEAF-F8473D1421BD}.Debug|Any CPU.Build.0 = Debug|Any CPU
		{63BEB974-DE63-4C92-AEAF-F8473D1421BD}.Release|Any CPU.ActiveCfg = Release|Any CPU
		{63BEB974-DE63-4C92-AEAF-F8473D1421BD}.Release|Any CPU.Build.0 = Release|Any CPU
		{F8AB06A1-D404-4DED-94E3-8973FB3E0BA7}.Debug|Any CPU.ActiveCfg = Debug|Any CPU
		{F8AB06A1-D404-4DED-94E3-8973FB3E0BA7}.Debug|Any CPU.Build.0 = Debug|Any CPU
		{F8AB06A1-D404-4DED-94E3-8973FB3E0BA7}.Release|Any CPU.ActiveCfg = Release|Any CPU
		{F8AB06A1-D404-4DED-94E3-8973FB3E0BA7}.Release|Any CPU.Build.0 = Release|Any CPU
		{9D2D2FEA-05AC-4888-AA5F-43F5D6B04779}.Debug|Any CPU.ActiveCfg = Debug|Any CPU
		{9D2D2FEA-05AC-4888-AA5F-43F5D6B04779}.Debug|Any CPU.Build.0 = Debug|Any CPU
		{9D2D2FEA-05AC-4888-AA5F-43F5D6B04779}.Release|Any CPU.ActiveCfg = Release|Any CPU
		{9D2D2FEA-05AC-4888-AA5F-43F5D6B04779}.Release|Any CPU.Build.0 = Release|Any CPU
		{45ADB6E3-CA52-44DB-96FA-BB4194C50EA5}.Debug|Any CPU.ActiveCfg = Debug|Any CPU
		{45ADB6E3-CA52-44DB-96FA-BB4194C50EA5}.Debug|Any CPU.Build.0 = Debug|Any CPU
		{45ADB6E3-CA52-44DB-96FA-BB4194C50EA5}.Release|Any CPU.ActiveCfg = Release|Any CPU
		{45ADB6E3-CA52-44DB-96FA-BB4194C50EA5}.Release|Any CPU.Build.0 = Release|Any CPU
		{783AABB6-22F5-479B-A459-2EDFD4253F75}.Debug|Any CPU.ActiveCfg = Debug|Any CPU
		{783AABB6-22F5-479B-A459-2EDFD4253F75}.Debug|Any CPU.Build.0 = Debug|Any CPU
		{783AABB6-22F5-479B-A459-2EDFD4253F75}.Release|Any CPU.ActiveCfg = Release|Any CPU
		{783AABB6-22F5-479B-A459-2EDFD4253F75}.Release|Any CPU.Build.0 = Release|Any CPU
		{49F70E86-2A22-4DC0-AC39-835772DEB05A}.Debug|Any CPU.ActiveCfg = Debug|Any CPU
		{49F70E86-2A22-4DC0-AC39-835772DEB05A}.Debug|Any CPU.Build.0 = Debug|Any CPU
		{49F70E86-2A22-4DC0-AC39-835772DEB05A}.Release|Any CPU.ActiveCfg = Release|Any CPU
		{49F70E86-2A22-4DC0-AC39-835772DEB05A}.Release|Any CPU.Build.0 = Release|Any CPU
		{98D1F78A-E352-48F1-93E3-CF6F569F7F4B}.Debug|Any CPU.ActiveCfg = Debug|Any CPU
		{98D1F78A-E352-48F1-93E3-CF6F569F7F4B}.Debug|Any CPU.Build.0 = Debug|Any CPU
		{98D1F78A-E352-48F1-93E3-CF6F569F7F4B}.Release|Any CPU.ActiveCfg = Release|Any CPU
		{98D1F78A-E352-48F1-93E3-CF6F569F7F4B}.Release|Any CPU.Build.0 = Release|Any CPU
		{7F2B3759-C624-4587-B53A-D27E5FF0ACAE}.Debug|Any CPU.ActiveCfg = Debug|Any CPU
		{7F2B3759-C624-4587-B53A-D27E5FF0ACAE}.Debug|Any CPU.Build.0 = Debug|Any CPU
		{7F2B3759-C624-4587-B53A-D27E5FF0ACAE}.Release|Any CPU.ActiveCfg = Release|Any CPU
		{7F2B3759-C624-4587-B53A-D27E5FF0ACAE}.Release|Any CPU.Build.0 = Release|Any CPU
	EndGlobalSection
	GlobalSection(SolutionProperties) = preSolution
		HideSolutionNode = FALSE
	EndGlobalSection
	GlobalSection(ExtensibilityGlobals) = postSolution
		SolutionGuid = {E121C33D-65AE-4CFC-B67D-F2A1B594A338}
	EndGlobalSection
EndGlobal
